// !$*UTF8*$!
{
	archiveVersion = 1;
	classes = {
	};
	objectVersion = 56;
	objects = {

/* Begin PBXBuildFile section */
		C0000001 /* NightReaderApp.swift in Sources */ = {isa = PBXBuildFile; fileRef = C1000001 /* NightReaderApp.swift */; };
		C0000002 /* Book.swift in Sources */ = {isa = PBXBuildFile; fileRef = C1000002 /* Book.swift */; };
		C0000003 /* RenderingMode.swift in Sources */ = {isa = PBXBuildFile; fileRef = C1000003 /* RenderingMode.swift */; };
		C0000004 /* Theme.swift in Sources */ = {isa = PBXBuildFile; fileRef = C1000004 /* Theme.swift */; };
		C0000005 /* AppSettings.swift in Sources */ = {isa = PBXBuildFile; fileRef = C1000005 /* AppSettings.swift */; };
		C0000006 /* LibraryViewModel.swift in Sources */ = {isa = PBXBuildFile; fileRef = C1000006 /* LibraryViewModel.swift */; };
		C0000007 /* ReaderViewModel.swift in Sources */ = {isa = PBXBuildFile; fileRef = C1000007 /* ReaderViewModel.swift */; };
		C0000008 /* LibraryView.swift in Sources */ = {isa = PBXBuildFile; fileRef = C1000008 /* LibraryView.swift */; };
		C0000009 /* ReaderView.swift in Sources */ = {isa = PBXBuildFile; fileRef = C1000009 /* ReaderView.swift */; };
		C0000010 /* PDFKitView.swift in Sources */ = {isa = PBXBuildFile; fileRef = C1000010 /* PDFKitView.swift */; };
		C0000011 /* DimmerOverlay.swift in Sources */ = {isa = PBXBuildFile; fileRef = C1000011 /* DimmerOverlay.swift */; };
		C0000012 /* ReaderToolbar.swift in Sources */ = {isa = PBXBuildFile; fileRef = C1000012 /* ReaderToolbar.swift */; };
		C0000013 /* PDFImportService.swift in Sources */ = {isa = PBXBuildFile; fileRef = C1000013 /* PDFImportService.swift */; };
		C0000014 /* DarkModeRenderer.swift in Sources */ = {isa = PBXBuildFile; fileRef = C1000014 /* DarkModeRenderer.swift */; };
		C0000015 /* DarkModePDFPage.swift in Sources */ = {isa = PBXBuildFile; fileRef = C1000015 /* DarkModePDFPage.swift */; };
		C0000016 /* AnnotationService.swift in Sources */ = {isa = PBXBuildFile; fileRef = C1000016 /* AnnotationService.swift */; };
		C0000017 /* AnnotationListView.swift in Sources */ = {isa = PBXBuildFile; fileRef = C1000017 /* AnnotationListView.swift */; };
		C0000018 /* SearchBarView.swift in Sources */ = {isa = PBXBuildFile; fileRef = C1000018 /* SearchBarView.swift */; };
		C0000019 /* TOCView.swift in Sources */ = {isa = PBXBuildFile; fileRef = C1000019 /* TOCView.swift */; };
		C0000020 /* Assets.xcassets in Resources */ = {isa = PBXBuildFile; fileRef = C1000020 /* Assets.xcassets */; };
		C0000021 /* ExportService.swift in Sources */ = {isa = PBXBuildFile; fileRef = C1000021 /* ExportService.swift */; };
		C0000022 /* PDFContentExtractor.swift in Sources */ = {isa = PBXBuildFile; fileRef = C1000022 /* PDFContentExtractor.swift */; };
		C0000023 /* ReaderModeView.swift in Sources */ = {isa = PBXBuildFile; fileRef = C1000023 /* ReaderModeView.swift */; };
		C0000024 /* NightTheme.swift in Sources */ = {isa = PBXBuildFile; fileRef = C1000024 /* NightTheme.swift */; };
		C0000025 /* SplashScreenView.swift in Sources */ = {isa = PBXBuildFile; fileRef = C1000025 /* SplashScreenView.swift */; };
		C0000026 /* ReaderFont.swift in Sources */ = {isa = PBXBuildFile; fileRef = C1000026 /* ReaderFont.swift */; };
		C0000027 /* ContentTypes.swift in Sources */ = {isa = PBXBuildFile; fileRef = C1000027 /* ContentTypes.swift */; };
		C0000028 /* TextExtractor.swift in Sources */ = {isa = PBXBuildFile; fileRef = C1000028 /* TextExtractor.swift */; };
		C0000029 /* ImageExtractor.swift in Sources */ = {isa = PBXBuildFile; fileRef = C1000029 /* ImageExtractor.swift */; };
		C0000030 /* LayoutAnalyzer.swift in Sources */ = {isa = PBXBuildFile; fileRef = C1000030 /* LayoutAnalyzer.swift */; };
		C0000031 /* PageRenderer.swift in Sources */ = {isa = PBXBuildFile; fileRef = C1000031 /* PageRenderer.swift */; };
		C0000032 /* ChapterDetector.swift in Sources */ = {isa = PBXBuildFile; fileRef = C1000032 /* ChapterDetector.swift */; };
		C0000033 /* KeychainManager.swift in Sources */ = {isa = PBXBuildFile; fileRef = C1000033 /* KeychainManager.swift */; };
		C0000034 /* ClaudeAPIService.swift in Sources */ = {isa = PBXBuildFile; fileRef = C1000034 /* ClaudeAPIService.swift */; };
		C0000035 /* AIModels.swift in Sources */ = {isa = PBXBuildFile; fileRef = C1000035 /* AIModels.swift */; };
		C0000036 /* AIActionSheet.swift in Sources */ = {isa = PBXBuildFile; fileRef = C1000036 /* AIActionSheet.swift */; };
		C0000037 /* APIKeySettingsView.swift in Sources */ = {isa = PBXBuildFile; fileRef = C1000037 /* APIKeySettingsView.swift */; };
/* End PBXBuildFile section */

/* Begin PBXFileReference section */
		C1000001 /* NightReaderApp.swift */ = {isa = PBXFileReference; lastKnownFileType = sourcecode.swift; path = NightReaderApp.swift; sourceTree = "<group>"; };
		C1000002 /* Book.swift */ = {isa = PBXFileReference; lastKnownFileType = sourcecode.swift; path = Book.swift; sourceTree = "<group>"; };
		C1000003 /* RenderingMode.swift */ = {isa = PBXFileReference; lastKnownFileType = sourcecode.swift; path = RenderingMode.swift; sourceTree = "<group>"; };
		C1000004 /* Theme.swift */ = {isa = PBXFileReference; lastKnownFileType = sourcecode.swift; path = Theme.swift; sourceTree = "<group>"; };
		C1000005 /* AppSettings.swift */ = {isa = PBXFileReference; lastKnownFileType = sourcecode.swift; path = AppSettings.swift; sourceTree = "<group>"; };
		C1000006 /* LibraryViewModel.swift */ = {isa = PBXFileReference; lastKnownFileType = sourcecode.swift; path = LibraryViewModel.swift; sourceTree = "<group>"; };
		C1000007 /* ReaderViewModel.swift */ = {isa = PBXFileReference; lastKnownFileType = sourcecode.swift; path = ReaderViewModel.swift; sourceTree = "<group>"; };
		C1000008 /* LibraryView.swift */ = {isa = PBXFileReference; lastKnownFileType = sourcecode.swift; path = LibraryView.swift; sourceTree = "<group>"; };
		C1000009 /* ReaderView.swift */ = {isa = PBXFileReference; lastKnownFileType = sourcecode.swift; path = ReaderView.swift; sourceTree = "<group>"; };
		C1000010 /* PDFKitView.swift */ = {isa = PBXFileReference; lastKnownFileType = sourcecode.swift; path = PDFKitView.swift; sourceTree = "<group>"; };
		C1000011 /* DimmerOverlay.swift */ = {isa = PBXFileReference; lastKnownFileType = sourcecode.swift; path = DimmerOverlay.swift; sourceTree = "<group>"; };
		C1000012 /* ReaderToolbar.swift */ = {isa = PBXFileReference; lastKnownFileType = sourcecode.swift; path = ReaderToolbar.swift; sourceTree = "<group>"; };
		C1000013 /* PDFImportService.swift */ = {isa = PBXFileReference; lastKnownFileType = sourcecode.swift; path = PDFImportService.swift; sourceTree = "<group>"; };
		C1000014 /* DarkModeRenderer.swift */ = {isa = PBXFileReference; lastKnownFileType = sourcecode.swift; path = DarkModeRenderer.swift; sourceTree = "<group>"; };
		C1000015 /* DarkModePDFPage.swift */ = {isa = PBXFileReference; lastKnownFileType = sourcecode.swift; path = DarkModePDFPage.swift; sourceTree = "<group>"; };
		C1000016 /* AnnotationService.swift */ = {isa = PBXFileReference; lastKnownFileType = sourcecode.swift; path = AnnotationService.swift; sourceTree = "<group>"; };
		C1000017 /* AnnotationListView.swift */ = {isa = PBXFileReference; lastKnownFileType = sourcecode.swift; path = AnnotationListView.swift; sourceTree = "<group>"; };
		C1000018 /* SearchBarView.swift */ = {isa = PBXFileReference; lastKnownFileType = sourcecode.swift; path = SearchBarView.swift; sourceTree = "<group>"; };
		C1000019 /* TOCView.swift */ = {isa = PBXFileReference; lastKnownFileType = sourcecode.swift; path = TOCView.swift; sourceTree = "<group>"; };
		C1000020 /* Assets.xcassets */ = {isa = PBXFileReference; lastKnownFileType = folder.assetcatalog; path = Assets.xcassets; sourceTree = "<group>"; };
		C1000021 /* ExportService.swift */ = {isa = PBXFileReference; lastKnownFileType = sourcecode.swift; path = ExportService.swift; sourceTree = "<group>"; };
		C1000022 /* PDFContentExtractor.swift */ = {isa = PBXFileReference; lastKnownFileType = sourcecode.swift; path = PDFContentExtractor.swift; sourceTree = "<group>"; };
		C1000023 /* ReaderModeView.swift */ = {isa = PBXFileReference; lastKnownFileType = sourcecode.swift; path = ReaderModeView.swift; sourceTree = "<group>"; };
		C1000024 /* NightTheme.swift */ = {isa = PBXFileReference; lastKnownFileType = sourcecode.swift; path = NightTheme.swift; sourceTree = "<group>"; };
		C1000025 /* SplashScreenView.swift */ = {isa = PBXFileReference; lastKnownFileType = sourcecode.swift; path = SplashScreenView.swift; sourceTree = "<group>"; };
		C1000026 /* ReaderFont.swift */ = {isa = PBXFileReference; lastKnownFileType = sourcecode.swift; path = ReaderFont.swift; sourceTree = "<group>"; };
		C1000027 /* ContentTypes.swift */ = {isa = PBXFileReference; lastKnownFileType = sourcecode.swift; path = ContentTypes.swift; sourceTree = "<group>"; };
		C1000028 /* TextExtractor.swift */ = {isa = PBXFileReference; lastKnownFileType = sourcecode.swift; path = TextExtractor.swift; sourceTree = "<group>"; };
		C1000029 /* ImageExtractor.swift */ = {isa = PBXFileReference; lastKnownFileType = sourcecode.swift; path = ImageExtractor.swift; sourceTree = "<group>"; };
		C1000030 /* LayoutAnalyzer.swift */ = {isa = PBXFileReference; lastKnownFileType = sourcecode.swift; path = LayoutAnalyzer.swift; sourceTree = "<group>"; };
		C1000031 /* PageRenderer.swift */ = {isa = PBXFileReference; lastKnownFileType = sourcecode.swift; path = PageRenderer.swift; sourceTree = "<group>"; };
		C1000032 /* ChapterDetector.swift */ = {isa = PBXFileReference; lastKnownFileType = sourcecode.swift; path = ChapterDetector.swift; sourceTree = "<group>"; };
		C1000033 /* KeychainManager.swift */ = {isa = PBXFileReference; lastKnownFileType = sourcecode.swift; path = KeychainManager.swift; sourceTree = "<group>"; };
		C1000034 /* ClaudeAPIService.swift */ = {isa = PBXFileReference; lastKnownFileType = sourcecode.swift; path = ClaudeAPIService.swift; sourceTree = "<group>"; };
		C1000035 /* AIModels.swift */ = {isa = PBXFileReference; lastKnownFileType = sourcecode.swift; path = AIModels.swift; sourceTree = "<group>"; };
		C1000036 /* AIActionSheet.swift */ = {isa = PBXFileReference; lastKnownFileType = sourcecode.swift; path = AIActionSheet.swift; sourceTree = "<group>"; };
		C1000037 /* APIKeySettingsView.swift */ = {isa = PBXFileReference; lastKnownFileType = sourcecode.swift; path = APIKeySettingsView.swift; sourceTree = "<group>"; };
		C2000001 /* NightReader.app */ = {isa = PBXFileReference; explicitFileType = wrapper.application; includeInIndex = 0; path = NightReader.app; sourceTree = BUILT_PRODUCTS_DIR; };
/* End PBXFileReference section */

/* Begin PBXFrameworksBuildPhase section */
		C3000001 /* Frameworks */ = {
			isa = PBXFrameworksBuildPhase;
			buildActionMask = 2147483647;
			files = (
			);
			runOnlyForDeploymentPostprocessing = 0;
		};
/* End PBXFrameworksBuildPhase section */

/* Begin PBXGroup section */
		C4000001 = {
			isa = PBXGroup;
			children = (
				C4000002 /* NightReader */,
				C4000003 /* Products */,
			);
			sourceTree = "<group>";
		};
		C4000002 /* NightReader */ = {
			isa = PBXGroup;
			children = (
				C4000010 /* App */,
				C4000011 /* Models */,
				C4000012 /* ViewModels */,
				C4000013 /* Views */,
				C4000017 /* Services */,
				C1000020 /* Assets.xcassets */,
			);
			path = NightReader;
			sourceTree = "<group>";
		};
		C4000003 /* Products */ = {
			isa = PBXGroup;
			children = (
				C2000001 /* NightReader.app */,
			);
			name = Products;
			sourceTree = "<group>";
		};
		C4000010 /* App */ = {
			isa = PBXGroup;
			children = (
				C1000001 /* NightReaderApp.swift */,
			);
			path = App;
			sourceTree = "<group>";
		};
		C4000011 /* Models */ = {
			isa = PBXGroup;
			children = (
				C1000002 /* Book.swift */,
				C1000003 /* RenderingMode.swift */,
				C1000004 /* Theme.swift */,
				C1000005 /* AppSettings.swift */,
				C1000026 /* ReaderFont.swift */,
				C1000035 /* AIModels.swift */,
			);
			path = Models;
			sourceTree = "<group>";
		};
		C4000012 /* ViewModels */ = {
			isa = PBXGroup;
			children = (
				C1000006 /* LibraryViewModel.swift */,
				C1000007 /* ReaderViewModel.swift */,
			);
			path = ViewModels;
			sourceTree = "<group>";
		};
		C4000013 /* Views */ = {
			isa = PBXGroup;
			children = (
				C4000014 /* Library */,
				C4000015 /* Reader */,
				C4000018 /* Settings */,
			);
			path = Views;
			sourceTree = "<group>";
		};
		C4000014 /* Library */ = {
			isa = PBXGroup;
			children = (
				C1000008 /* LibraryView.swift */,
				C1000024 /* NightTheme.swift */,
				C1000025 /* SplashScreenView.swift */,
			);
			path = Library;
			sourceTree = "<group>";
		};
		C4000015 /* Reader */ = {
			isa = PBXGroup;
			children = (
				C1000009 /* ReaderView.swift */,
				C1000010 /* PDFKitView.swift */,
				C1000011 /* DimmerOverlay.swift */,
				C1000012 /* ReaderToolbar.swift */,
				C1000017 /* AnnotationListView.swift */,
				C1000018 /* SearchBarView.swift */,
				C1000019 /* TOCView.swift */,
				C1000023 /* ReaderModeView.swift */,
				C1000036 /* AIActionSheet.swift */,
			);
			path = Reader;
			sourceTree = "<group>";
		};
		C4000017 /* Services */ = {
			isa = PBXGroup;
			children = (
				C1000013 /* PDFImportService.swift */,
				C1000014 /* DarkModeRenderer.swift */,
				C1000015 /* DarkModePDFPage.swift */,
				C1000016 /* AnnotationService.swift */,
				C1000021 /* ExportService.swift */,
				C1000022 /* PDFContentExtractor.swift */,
				C1000027 /* ContentTypes.swift */,
				C1000028 /* TextExtractor.swift */,
				C1000029 /* ImageExtractor.swift */,
				C1000030 /* LayoutAnalyzer.swift */,
				C1000031 /* PageRenderer.swift */,
				C1000032 /* ChapterDetector.swift */,
				C1000033 /* KeychainManager.swift */,
				C1000034 /* ClaudeAPIService.swift */,
			);
			path = Services;
			sourceTree = "<group>";
		};
		C4000018 /* Settings */ = {
			isa = PBXGroup;
			children = (
				C1000037 /* APIKeySettingsView.swift */,
			);
			path = Settings;
			sourceTree = "<group>";
		};
/* End PBXGroup section */

/* Begin PBXNativeTarget section */
		C5000001 /* NightReader */ = {
			isa = PBXNativeTarget;
			buildConfigurationList = C7000002 /* Build configuration list for PBXNativeTarget "NightReader" */;
			buildPhases = (
				C6000001 /* Sources */,
				C3000001 /* Frameworks */,
				C6000002 /* Resources */,
			);
			buildRules = (
			);
			dependencies = (
			);
			name = NightReader;
			productName = NightReader;
			productReference = C2000001 /* NightReader.app */;
			productType = "com.apple.product-type.application";
		};
/* End PBXNativeTarget section */

/* Begin PBXProject section */
		C5000002 /* Project object */ = {
			isa = PBXProject;
			attributes = {
				BuildIndependentTargetsInParallel = 1;
				LastSwiftUpdateCheck = 1500;
				LastUpgradeCheck = 2630;
				TargetAttributes = {
					C5000001 = {
						CreatedOnToolsVersion = 15.0;
					};
				};
			};
			buildConfigurationList = C7000001 /* Build configuration list for PBXProject "NightReader" */;
			compatibilityVersion = "Xcode 14.0";
			developmentRegion = en;
			hasScannedForEncodings = 0;
			knownRegions = (
				en,
				Base,
			);
			mainGroup = C4000001;
			productRefGroup = C4000003 /* Products */;
			projectDirPath = "";
			projectRoot = "";
			targets = (
				C5000001 /* NightReader */,
			);
		};
/* End PBXProject section */

/* Begin PBXResourcesBuildPhase section */
		C6000002 /* Resources */ = {
			isa = PBXResourcesBuildPhase;
			buildActionMask = 2147483647;
			files = (
				C0000020 /* Assets.xcassets in Resources */,
			);
			runOnlyForDeploymentPostprocessing = 0;
		};
/* End PBXResourcesBuildPhase section */

/* Begin PBXSourcesBuildPhase section */
		C6000001 /* Sources */ = {
			isa = PBXSourcesBuildPhase;
			buildActionMask = 2147483647;
			files = (
				C0000001 /* NightReaderApp.swift in Sources */,
				C0000002 /* Book.swift in Sources */,
				C0000003 /* RenderingMode.swift in Sources */,
				C0000004 /* Theme.swift in Sources */,
				C0000005 /* AppSettings.swift in Sources */,
				C0000006 /* LibraryViewModel.swift in Sources */,
				C0000007 /* ReaderViewModel.swift in Sources */,
				C0000008 /* LibraryView.swift in Sources */,
				C0000009 /* ReaderView.swift in Sources */,
				C0000010 /* PDFKitView.swift in Sources */,
				C0000011 /* DimmerOverlay.swift in Sources */,
				C0000012 /* ReaderToolbar.swift in Sources */,
				C0000013 /* PDFImportService.swift in Sources */,
				C0000014 /* DarkModeRenderer.swift in Sources */,
				C0000015 /* DarkModePDFPage.swift in Sources */,
				C0000016 /* AnnotationService.swift in Sources */,
				C0000017 /* AnnotationListView.swift in Sources */,
				C0000018 /* SearchBarView.swift in Sources */,
				C0000019 /* TOCView.swift in Sources */,
				C0000021 /* ExportService.swift in Sources */,
				C0000022 /* PDFContentExtractor.swift in Sources */,
				C0000023 /* ReaderModeView.swift in Sources */,
				C0000024 /* NightTheme.swift in Sources */,
				C0000025 /* SplashScreenView.swift in Sources */,
				C0000026 /* ReaderFont.swift in Sources */,
				C0000027 /* ContentTypes.swift in Sources */,
				C0000028 /* TextExtractor.swift in Sources */,
				C0000029 /* ImageExtractor.swift in Sources */,
				C0000030 /* LayoutAnalyzer.swift in Sources */,
				C0000031 /* PageRenderer.swift in Sources */,
				C0000032 /* ChapterDetector.swift in Sources */,
				C0000033 /* KeychainManager.swift in Sources */,
				C0000034 /* ClaudeAPIService.swift in Sources */,
				C0000035 /* AIModels.swift in Sources */,
				C0000036 /* AIActionSheet.swift in Sources */,
				C0000037 /* APIKeySettingsView.swift in Sources */,
			);
			runOnlyForDeploymentPostprocessing = 0;
		};
/* End PBXSourcesBuildPhase section */

/* Begin XCBuildConfiguration section */
		C8000001 /* Debug */ = {
			isa = XCBuildConfiguration;
			buildSettings = {
				ALWAYS_SEARCH_USER_PATHS = NO;
				ASSETCATALOG_COMPILER_GENERATE_SWIFT_ASSET_SYMBOL_EXTENSIONS = YES;
				CLANG_ANALYZER_NONNULL = YES;
				CLANG_CXX_LANGUAGE_STANDARD = "gnu++20";
				CLANG_ENABLE_MODULES = YES;
				CLANG_ENABLE_OBJC_ARC = YES;
				CLANG_ENABLE_OBJC_WEAK = YES;
				CLANG_WARN_BLOCK_CAPTURE_AUTORELEASING = YES;
				CLANG_WARN_BOOL_CONVERSION = YES;
				CLANG_WARN_COMMA = YES;
				CLANG_WARN_CONSTANT_CONVERSION = YES;
				CLANG_WARN_DEPRECATED_OBJC_IMPLEMENTATIONS = YES;
				CLANG_WARN_DIRECT_OBJC_ISA_USAGE = YES_ERROR;
				CLANG_WARN_DOCUMENTATION_COMMENTS = YES;
				CLANG_WARN_EMPTY_BODY = YES;
				CLANG_WARN_ENUM_CONVERSION = YES;
				CLANG_WARN_INFINITE_RECURSION = YES;
				CLANG_WARN_INT_CONVERSION = YES;
				CLANG_WARN_NON_LITERAL_NULL_CONVERSION = YES;
				CLANG_WARN_OBJC_IMPLICIT_RETAIN_SELF = YES;
				CLANG_WARN_OBJC_LITERAL_CONVERSION = YES;
				CLANG_WARN_OBJC_ROOT_CLASS = YES_ERROR;
				CLANG_WARN_QUOTED_INCLUDE_IN_FRAMEWORK_HEADER = YES;
				CLANG_WARN_RANGE_LOOP_ANALYSIS = YES;
				CLANG_WARN_STRICT_PROTOTYPES = YES;
				CLANG_WARN_SUSPICIOUS_MOVE = YES;
				CLANG_WARN_UNGUARDED_AVAILABILITY = YES_AGGRESSIVE;
				CLANG_WARN_UNREACHABLE_CODE = YES;
				CLANG_WARN__DUPLICATE_METHOD_MATCH = YES;
				DEBUG_INFORMATION_FORMAT = dwarf;
				DEVELOPMENT_TEAM = 7N37858XB8;
				ENABLE_STRICT_OBJC_MSGSEND = YES;
				ENABLE_TESTABILITY = YES;
				ENABLE_USER_SCRIPT_SANDBOXING = YES;
				GCC_C_LANGUAGE_STANDARD = gnu17;
				GCC_DYNAMIC_NO_PIC = NO;
				GCC_NO_COMMON_BLOCKS = YES;
				GCC_OPTIMIZATION_LEVEL = 0;
				GCC_PREPROCESSOR_DEFINITIONS = (
					"DEBUG=1",
					"$(inherited)",
				);
				GCC_WARN_64_TO_32_BIT_CONVERSION = YES;
				GCC_WARN_ABOUT_RETURN_TYPE = YES_ERROR;
				GCC_WARN_UNDECLARED_SELECTOR = YES;
				GCC_WARN_UNINITIALIZED_AUTOS = YES_AGGRESSIVE;
				GCC_WARN_UNUSED_FUNCTION = YES;
				GCC_WARN_UNUSED_VARIABLE = YES;
				IPHONEOS_DEPLOYMENT_TARGET = 17.0;
				MTL_ENABLE_DEBUG_INFO = INCLUDE_SOURCE;
				MTL_FAST_MATH = YES;
				ONLY_ACTIVE_ARCH = YES;
				SDKROOT = iphoneos;
				STRING_CATALOG_GENERATE_SYMBOLS = YES;
				SWIFT_ACTIVE_COMPILATION_CONDITIONS = "DEBUG $(inherited)";
				SWIFT_OPTIMIZATION_LEVEL = "-Onone";
			};
			name = Debug;
		};
		C8000002 /* Release */ = {
			isa = XCBuildConfiguration;
			buildSettings = {
				ALWAYS_SEARCH_USER_PATHS = NO;
				ASSETCATALOG_COMPILER_GENERATE_SWIFT_ASSET_SYMBOL_EXTENSIONS = YES;
				CLANG_ANALYZER_NONNULL = YES;
				CLANG_CXX_LANGUAGE_STANDARD = "gnu++20";
				CLANG_ENABLE_MODULES = YES;
				CLANG_ENABLE_OBJC_ARC = YES;
				CLANG_ENABLE_OBJC_WEAK = YES;
				CLANG_WARN_BLOCK_CAPTURE_AUTORELEASING = YES;
				CLANG_WARN_BOOL_CONVERSION = YES;
				CLANG_WARN_COMMA = YES;
				CLANG_WARN_CONSTANT_CONVERSION = YES;
				CLANG_WARN_DEPRECATED_OBJC_IMPLEMENTATIONS = YES;
				CLANG_WARN_DIRECT_OBJC_ISA_USAGE = YES_ERROR;
				CLANG_WARN_DOCUMENTATION_COMMENTS = YES;
				CLANG_WARN_EMPTY_BODY = YES;
				CLANG_WARN_ENUM_CONVERSION = YES;
				CLANG_WARN_INFINITE_RECURSION = YES;
				CLANG_WARN_INT_CONVERSION = YES;
				CLANG_WARN_NON_LITERAL_NULL_CONVERSION = YES;
				CLANG_WARN_OBJC_IMPLICIT_RETAIN_SELF = YES;
				CLANG_WARN_OBJC_LITERAL_CONVERSION = YES;
				CLANG_WARN_OBJC_ROOT_CLASS = YES_ERROR;
				CLANG_WARN_QUOTED_INCLUDE_IN_FRAMEWORK_HEADER = YES;
				CLANG_WARN_RANGE_LOOP_ANALYSIS = YES;
				CLANG_WARN_STRICT_PROTOTYPES = YES;
				CLANG_WARN_SUSPICIOUS_MOVE = YES;
				CLANG_WARN_UNGUARDED_AVAILABILITY = YES_AGGRESSIVE;
				CLANG_WARN_UNREACHABLE_CODE = YES;
				CLANG_WARN__DUPLICATE_METHOD_MATCH = YES;
				DEBUG_INFORMATION_FORMAT = "dwarf-with-dsym";
				DEVELOPMENT_TEAM = 7N37858XB8;
				ENABLE_NS_ASSERTIONS = NO;
				ENABLE_STRICT_OBJC_MSGSEND = YES;
				ENABLE_USER_SCRIPT_SANDBOXING = YES;
				GCC_C_LANGUAGE_STANDARD = gnu17;
				GCC_NO_COMMON_BLOCKS = YES;
				GCC_WARN_64_TO_32_BIT_CONVERSION = YES;
				GCC_WARN_ABOUT_RETURN_TYPE = YES_ERROR;
				GCC_WARN_UNDECLARED_SELECTOR = YES;
				GCC_WARN_UNINITIALIZED_AUTOS = YES_AGGRESSIVE;
				GCC_WARN_UNUSED_FUNCTION = YES;
				GCC_WARN_UNUSED_VARIABLE = YES;
				IPHONEOS_DEPLOYMENT_TARGET = 17.0;
				MTL_ENABLE_DEBUG_INFO = NO;
				MTL_FAST_MATH = YES;
				SDKROOT = iphoneos;
				STRING_CATALOG_GENERATE_SYMBOLS = YES;
				SWIFT_COMPILATION_MODE = wholemodule;
				VALIDATE_PRODUCT = YES;
			};
			name = Release;
		};
		C8000003 /* Debug */ = {
			isa = XCBuildConfiguration;
			buildSettings = {
				ASSETCATALOG_COMPILER_APPICON_NAME = AppIcon;
				ASSETCATALOG_COMPILER_GLOBAL_ACCENT_COLOR_NAME = AccentColor;
				CODE_SIGN_STYLE = Automatic;
				CURRENT_PROJECT_VERSION = 1;
				DEVELOPMENT_TEAM = 7N37858XB8;
				GENERATE_INFOPLIST_FILE = YES;
				INFOPLIST_KEY_LSSupportsOpeningDocumentsInPlace = YES;
				INFOPLIST_KEY_UIApplicationSceneManifest_Generation = YES;
				INFOPLIST_KEY_UIApplicationSupportsIndirectInputEvents = YES;
				INFOPLIST_KEY_UILaunchScreen_Generation = YES;
				INFOPLIST_KEY_UIStatusBarStyle = "";
				INFOPLIST_KEY_UISupportedInterfaceOrientations = UIInterfaceOrientationPortrait;
				INFOPLIST_KEY_UISupportsDocumentBrowser = YES;
				LD_RUNPATH_SEARCH_PATHS = (
					"$(inherited)",
					"@executable_path/Frameworks",
				);
				MARKETING_VERSION = 1.0;
				PRODUCT_BUNDLE_IDENTIFIER = com.nightreader.app;
				PRODUCT_NAME = "$(TARGET_NAME)";
				SUPPORTED_PLATFORMS = "iphoneos iphonesimulator";
				SUPPORTS_MACCATALYST = NO;
				SWIFT_EMIT_LOC_STRINGS = YES;
				SWIFT_VERSION = 5.0;
				TARGETED_DEVICE_FAMILY = 1;
			};
			name = Debug;
		};
		C8000004 /* Release */ = {
			isa = XCBuildConfiguration;
			buildSettings = {
				ASSETCATALOG_COMPILER_APPICON_NAME = AppIcon;
				ASSETCATALOG_COMPILER_GLOBAL_ACCENT_COLOR_NAME = AccentColor;
				CODE_SIGN_STYLE = Automatic;
				CURRENT_PROJECT_VERSION = 1;
				DEVELOPMENT_TEAM = 7N37858XB8;
				GENERATE_INFOPLIST_FILE = YES;
				INFOPLIST_KEY_LSSupportsOpeningDocumentsInPlace = YES;
				INFOPLIST_KEY_UIApplicationSceneManifest_Generation = YES;
				INFOPLIST_KEY_UIApplicationSupportsIndirectInputEvents = YES;
				INFOPLIST_KEY_UILaunchScreen_Generation = YES;
				INFOPLIST_KEY_UIStatusBarStyle = "";
				INFOPLIST_KEY_UISupportedInterfaceOrientations = UIInterfaceOrientationPortrait;
				INFOPLIST_KEY_UISupportsDocumentBrowser = YES;
				LD_RUNPATH_SEARCH_PATHS = (
					"$(inherited)",
					"@executable_path/Frameworks",
				);
				MARKETING_VERSION = 1.0;
				PRODUCT_BUNDLE_IDENTIFIER = com.nightreader.app;
				PRODUCT_NAME = "$(TARGET_NAME)";
				SUPPORTED_PLATFORMS = "iphoneos iphonesimulator";
				SUPPORTS_MACCATALYST = NO;
				SWIFT_EMIT_LOC_STRINGS = YES;
				SWIFT_VERSION = 5.0;
				TARGETED_DEVICE_FAMILY = 1;
			};
			name = Release;
		};
/* End XCBuildConfiguration section */

/* Begin XCConfigurationList section */
		C7000001 /* Build configuration list for PBXProject "NightReader" */ = {
			isa = XCConfigurationList;
			buildConfigurations = (
				C8000001 /* Debug */,
				C8000002 /* Release */,
			);
			defaultConfigurationIsVisible = 0;
			defaultConfigurationName = Release;
		};
		C7000002 /* Build configuration list for PBXNativeTarget "NightReader" */ = {
			isa = XCConfigurationList;
			buildConfigurations = (
				C8000003 /* Debug */,
				C8000004 /* Release */,
			);
			defaultConfigurationIsVisible = 0;
			defaultConfigurationName = Release;
		};
/* End XCConfigurationList section */
	};
	rootObject = C5000002 /* Project object */;
}
